// !$*UTF8*$!
{
	archiveVersion = 1;
	classes = {
	};
	objectVersion = 55;
	objects = {

/* Begin PBXBuildFile section */
		04B3F38828D1EF96002AA316 /* AppDelegate.swift in Sources */ = {isa = PBXBuildFile; fileRef = 04B3F38728D1EF96002AA316 /* AppDelegate.swift */; };
		04B3F38A28D1EF96002AA316 /* SceneDelegate.swift in Sources */ = {isa = PBXBuildFile; fileRef = 04B3F38928D1EF96002AA316 /* SceneDelegate.swift */; };
		04B3F38C28D1EF96002AA316 /* ViewController.swift in Sources */ = {isa = PBXBuildFile; fileRef = 04B3F38B28D1EF96002AA316 /* ViewController.swift */; };
		04B3F38F28D1EF96002AA316 /* Main.storyboard in Resources */ = {isa = PBXBuildFile; fileRef = 04B3F38D28D1EF96002AA316 /* Main.storyboard */; };
		04B3F39128D1EF99002AA316 /* Assets.xcassets in Resources */ = {isa = PBXBuildFile; fileRef = 04B3F39028D1EF99002AA316 /* Assets.xcassets */; };
		04B3F39428D1EF99002AA316 /* LaunchScreen.storyboard in Resources */ = {isa = PBXBuildFile; fileRef = 04B3F39228D1EF99002AA316 /* LaunchScreen.storyboard */; };
		04B3F39F28D1EF99002AA316 /* LocalizationTests.swift in Sources */ = {isa = PBXBuildFile; fileRef = 04B3F39E28D1EF99002AA316 /* LocalizationTests.swift */; };
		04B3F3A928D1EF99002AA316 /* LocalizationUITests.swift in Sources */ = {isa = PBXBuildFile; fileRef = 04B3F3A828D1EF99002AA316 /* LocalizationUITests.swift */; };
		04B3F3AB28D1EF99002AA316 /* LocalizationUITestsLaunchTests.swift in Sources */ = {isa = PBXBuildFile; fileRef = 04B3F3AA28D1EF99002AA316 /* LocalizationUITestsLaunchTests.swift */; };
		04B3F3B928D1EFD8002AA316 /* Localizable.strings in Resources */ = {isa = PBXBuildFile; fileRef = 04B3F3BB28D1EFD8002AA316 /* Localizable.strings */; };
/* End PBXBuildFile section */

/* Begin PBXContainerItemProxy section */
		04B3F39B28D1EF99002AA316 /* PBXContainerItemProxy */ = {
			isa = PBXContainerItemProxy;
			containerPortal = 04B3F37C28D1EF96002AA316 /* Project object */;
			proxyType = 1;
			remoteGlobalIDString = 04B3F38328D1EF96002AA316;
			remoteInfo = Localization;
		};
		04B3F3A528D1EF99002AA316 /* PBXContainerItemProxy */ = {
			isa = PBXContainerItemProxy;
			containerPortal = 04B3F37C28D1EF96002AA316 /* Project object */;
			proxyType = 1;
			remoteGlobalIDString = 04B3F38328D1EF96002AA316;
			remoteInfo = Localization;
		};
/* End PBXContainerItemProxy section */

/* Begin PBXFileReference section */
		04B3F38428D1EF96002AA316 /* Localization.app */ = {isa = PBXFileReference; explicitFileType = wrapper.application; includeInIndex = 0; path = Localization.app; sourceTree = BUILT_PRODUCTS_DIR; };
		04B3F38728D1EF96002AA316 /* AppDelegate.swift */ = {isa = PBXFileReference; lastKnownFileType = sourcecode.swift; path = AppDelegate.swift; sourceTree = "<group>"; };
		04B3F38928D1EF96002AA316 /* SceneDelegate.swift */ = {isa = PBXFileReference; lastKnownFileType = sourcecode.swift; path = SceneDelegate.swift; sourceTree = "<group>"; };
		04B3F38B28D1EF96002AA316 /* ViewController.swift */ = {isa = PBXFileReference; lastKnownFileType = sourcecode.swift; path = ViewController.swift; sourceTree = "<group>"; };
		04B3F38E28D1EF96002AA316 /* Base */ = {isa = PBXFileReference; lastKnownFileType = file.storyboard; name = Base; path = Base.lproj/Main.storyboard; sourceTree = "<group>"; };
		04B3F39028D1EF99002AA316 /* Assets.xcassets */ = {isa = PBXFileReference; lastKnownFileType = folder.assetcatalog; path = Assets.xcassets; sourceTree = "<group>"; };
		04B3F39328D1EF99002AA316 /* Base */ = {isa = PBXFileReference; lastKnownFileType = file.storyboard; name = Base; path = Base.lproj/LaunchScreen.storyboard; sourceTree = "<group>"; };
		04B3F39528D1EF99002AA316 /* Info.plist */ = {isa = PBXFileReference; lastKnownFileType = text.plist.xml; path = Info.plist; sourceTree = "<group>"; };
		04B3F39A28D1EF99002AA316 /* LocalizationTests.xctest */ = {isa = PBXFileReference; explicitFileType = wrapper.cfbundle; includeInIndex = 0; path = LocalizationTests.xctest; sourceTree = BUILT_PRODUCTS_DIR; };
		04B3F39E28D1EF99002AA316 /* LocalizationTests.swift */ = {isa = PBXFileReference; lastKnownFileType = sourcecode.swift; path = LocalizationTests.swift; sourceTree = "<group>"; };
		04B3F3A428D1EF99002AA316 /* LocalizationUITests.xctest */ = {isa = PBXFileReference; explicitFileType = wrapper.cfbundle; includeInIndex = 0; path = LocalizationUITests.xctest; sourceTree = BUILT_PRODUCTS_DIR; };
		04B3F3A828D1EF99002AA316 /* LocalizationUITests.swift */ = {isa = PBXFileReference; lastKnownFileType = sourcecode.swift; path = LocalizationUITests.swift; sourceTree = "<group>"; };
		04B3F3AA28D1EF99002AA316 /* LocalizationUITestsLaunchTests.swift */ = {isa = PBXFileReference; lastKnownFileType = sourcecode.swift; path = LocalizationUITestsLaunchTests.swift; sourceTree = "<group>"; };
		04B3F3BA28D1EFD8002AA316 /* en */ = {isa = PBXFileReference; lastKnownFileType = text.plist.strings; name = en; path = en.lproj/Localizable.strings; sourceTree = "<group>"; };
		04B3F3BC28D1F092002AA316 /* fr */ = {isa = PBXFileReference; lastKnownFileType = text.plist.strings; name = fr; path = fr.lproj/Main.strings; sourceTree = "<group>"; };
		04B3F3BD28D1F092002AA316 /* fr */ = {isa = PBXFileReference; lastKnownFileType = text.plist.strings; name = fr; path = fr.lproj/LaunchScreen.strings; sourceTree = "<group>"; };
		04B3F3BE28D1F092002AA316 /* fr */ = {isa = PBXFileReference; lastKnownFileType = text.plist.strings; name = fr; path = fr.lproj/Localizable.strings; sourceTree = "<group>"; };
		04B3F3BF28D1F0C3002AA316 /* de */ = {isa = PBXFileReference; lastKnownFileType = text.plist.strings; name = de; path = de.lproj/Main.strings; sourceTree = "<group>"; };
		04B3F3C028D1F0C3002AA316 /* de */ = {isa = PBXFileReference; lastKnownFileType = text.plist.strings; name = de; path = de.lproj/LaunchScreen.strings; sourceTree = "<group>"; };
		04B3F3C128D1F0C3002AA316 /* de */ = {isa = PBXFileReference; lastKnownFileType = text.plist.strings; name = de; path = de.lproj/Localizable.strings; sourceTree = "<group>"; };
/* End PBXFileReference section */

/* Begin PBXFrameworksBuildPhase section */
		04B3F38128D1EF96002AA316 /* Frameworks */ = {
			isa = PBXFrameworksBuildPhase;
			buildActionMask = 2147483647;
			files = (
			);
			runOnlyForDeploymentPostprocessing = 0;
		};
		04B3F39728D1EF99002AA316 /* Frameworks */ = {
			isa = PBXFrameworksBuildPhase;
			buildActionMask = 2147483647;
			files = (
			);
			runOnlyForDeploymentPostprocessing = 0;
		};
		04B3F3A128D1EF99002AA316 /* Frameworks */ = {
			isa = PBXFrameworksBuildPhase;
			buildActionMask = 2147483647;
			files = (
			);
			runOnlyForDeploymentPostprocessing = 0;
		};
/* End PBXFrameworksBuildPhase section */

/* Begin PBXGroup section */
		04B3F37B28D1EF96002AA316 = {
			isa = PBXGroup;
			children = (
				04B3F38628D1EF96002AA316 /* Localization */,
				04B3F39D28D1EF99002AA316 /* LocalizationTests */,
				04B3F3A728D1EF99002AA316 /* LocalizationUITests */,
				04B3F38528D1EF96002AA316 /* Products */,
			);
			sourceTree = "<group>";
		};
		04B3F38528D1EF96002AA316 /* Products */ = {
			isa = PBXGroup;
			children = (
				04B3F38428D1EF96002AA316 /* Localization.app */,
				04B3F39A28D1EF99002AA316 /* LocalizationTests.xctest */,
				04B3F3A428D1EF99002AA316 /* LocalizationUITests.xctest */,
			);
			name = Products;
			sourceTree = "<group>";
		};
		04B3F38628D1EF96002AA316 /* Localization */ = {
			isa = PBXGroup;
			children = (
				04B3F38728D1EF96002AA316 /* AppDelegate.swift */,
				04B3F38928D1EF96002AA316 /* SceneDelegate.swift */,
				04B3F38B28D1EF96002AA316 /* ViewController.swift */,
				04B3F38D28D1EF96002AA316 /* Main.storyboard */,
				04B3F39028D1EF99002AA316 /* Assets.xcassets */,
				04B3F39228D1EF99002AA316 /* LaunchScreen.storyboard */,
				04B3F39528D1EF99002AA316 /* Info.plist */,
				04B3F3BB28D1EFD8002AA316 /* Localizable.strings */,
			);
			path = Localization;
			sourceTree = "<group>";
		};
		04B3F39D28D1EF99002AA316 /* LocalizationTests */ = {
			isa = PBXGroup;
			children = (
				04B3F39E28D1EF99002AA316 /* LocalizationTests.swift */,
			);
			path = LocalizationTests;
			sourceTree = "<group>";
		};
		04B3F3A728D1EF99002AA316 /* LocalizationUITests */ = {
			isa = PBXGroup;
			children = (
				04B3F3A828D1EF99002AA316 /* LocalizationUITests.swift */,
				04B3F3AA28D1EF99002AA316 /* LocalizationUITestsLaunchTests.swift */,
			);
			path = LocalizationUITests;
			sourceTree = "<group>";
		};
/* End PBXGroup section */

/* Begin PBXNativeTarget section */
		04B3F38328D1EF96002AA316 /* Localization */ = {
			isa = PBXNativeTarget;
			buildConfigurationList = 04B3F3AE28D1EF99002AA316 /* Build configuration list for PBXNativeTarget "Localization" */;
			buildPhases = (
				04B3F38028D1EF96002AA316 /* Sources */,
				04B3F38128D1EF96002AA316 /* Frameworks */,
				04B3F38228D1EF96002AA316 /* Resources */,
			);
			buildRules = (
			);
			dependencies = (
			);
			name = Localization;
			productName = Localization;
			productReference = 04B3F38428D1EF96002AA316 /* Localization.app */;
			productType = "com.apple.product-type.application";
		};
		04B3F39928D1EF99002AA316 /* LocalizationTests */ = {
			isa = PBXNativeTarget;
			buildConfigurationList = 04B3F3B128D1EF99002AA316 /* Build configuration list for PBXNativeTarget "LocalizationTests" */;
			buildPhases = (
				04B3F39628D1EF99002AA316 /* Sources */,
				04B3F39728D1EF99002AA316 /* Frameworks */,
				04B3F39828D1EF99002AA316 /* Resources */,
			);
			buildRules = (
			);
			dependencies = (
				04B3F39C28D1EF99002AA316 /* PBXTargetDependency */,
			);
			name = LocalizationTests;
			productName = LocalizationTests;
			productReference = 04B3F39A28D1EF99002AA316 /* LocalizationTests.xctest */;
			productType = "com.apple.product-type.bundle.unit-test";
		};
		04B3F3A328D1EF99002AA316 /* LocalizationUITests */ = {
			isa = PBXNativeTarget;
			buildConfigurationList = 04B3F3B428D1EF99002AA316 /* Build configuration list for PBXNativeTarget "LocalizationUITests" */;
			buildPhases = (
				04B3F3A028D1EF99002AA316 /* Sources */,
				04B3F3A128D1EF99002AA316 /* Frameworks */,
				04B3F3A228D1EF99002AA316 /* Resources */,
			);
			buildRules = (
			);
			dependencies = (
				04B3F3A628D1EF99002AA316 /* PBXTargetDependency */,
			);
			name = LocalizationUITests;
			productName = LocalizationUITests;
			productReference = 04B3F3A428D1EF99002AA316 /* LocalizationUITests.xctest */;
			productType = "com.apple.product-type.bundle.ui-testing";
		};
/* End PBXNativeTarget section */

/* Begin PBXProject section */
		04B3F37C28D1EF96002AA316 /* Project object */ = {
			isa = PBXProject;
			attributes = {
				BuildIndependentTargetsInParallel = 1;
				LastSwiftUpdateCheck = 1340;
				LastUpgradeCheck = 1340;
				TargetAttributes = {
					04B3F38328D1EF96002AA316 = {
						CreatedOnToolsVersion = 13.4;
					};
					04B3F39928D1EF99002AA316 = {
						CreatedOnToolsVersion = 13.4;
						TestTargetID = 04B3F38328D1EF96002AA316;
					};
					04B3F3A328D1EF99002AA316 = {
						CreatedOnToolsVersion = 13.4;
						TestTargetID = 04B3F38328D1EF96002AA316;
					};
				};
			};
			buildConfigurationList = 04B3F37F28D1EF96002AA316 /* Build configuration list for PBXProject "Localization" */;
			compatibilityVersion = "Xcode 13.0";
			developmentRegion = en;
			hasScannedForEncodings = 0;
			knownRegions = (
				en,
				Base,
				fr,
				de,
			);
			mainGroup = 04B3F37B28D1EF96002AA316;
			productRefGroup = 04B3F38528D1EF96002AA316 /* Products */;
			projectDirPath = "";
			projectRoot = "";
			targets = (
				04B3F38328D1EF96002AA316 /* Localization */,
				04B3F39928D1EF99002AA316 /* LocalizationTests */,
				04B3F3A328D1EF99002AA316 /* LocalizationUITests */,
			);
		};
/* End PBXProject section */

/* Begin PBXResourcesBuildPhase section */
		04B3F38228D1EF96002AA316 /* Resources */ = {
			isa = PBXResourcesBuildPhase;
			buildActionMask = 2147483647;
			files = (
				04B3F39428D1EF99002AA316 /* LaunchScreen.storyboard in Resources */,
				04B3F3B928D1EFD8002AA316 /* Localizable.strings in Resources */,
				04B3F39128D1EF99002AA316 /* Assets.xcassets in Resources */,
				04B3F38F28D1EF96002AA316 /* Main.storyboard in Resources */,
			);
			runOnlyForDeploymentPostprocessing = 0;
		};
		04B3F39828D1EF99002AA316 /* Resources */ = {
			isa = PBXResourcesBuildPhase;
			buildActionMask = 2147483647;
			files = (
			);
			runOnlyForDeploymentPostprocessing = 0;
		};
		04B3F3A228D1EF99002AA316 /* Resources */ = {
			isa = PBXResourcesBuildPhase;
			buildActionMask = 2147483647;
			files = (
			);
			runOnlyForDeploymentPostprocessing = 0;
		};
/* End PBXResourcesBuildPhase section */

/* Begin PBXSourcesBuildPhase section */
		04B3F38028D1EF96002AA316 /* Sources */ = {
			isa = PBXSourcesBuildPhase;
			buildActionMask = 2147483647;
			files = (
				04B3F38C28D1EF96002AA316 /* ViewController.swift in Sources */,
				04B3F38828D1EF96002AA316 /* AppDelegate.swift in Sources */,
				04B3F38A28D1EF96002AA316 /* SceneDelegate.swift in Sources */,
			);
			runOnlyForDeploymentPostprocessing = 0;
		};
		04B3F39628D1EF99002AA316 /* Sources */ = {
			isa = PBXSourcesBuildPhase;
			buildActionMask = 2147483647;
			files = (
				04B3F39F28D1EF99002AA316 /* LocalizationTests.swift in Sources */,
			);
			runOnlyForDeploymentPostprocessing = 0;
		};
		04B3F3A028D1EF99002AA316 /* Sources */ = {
			isa = PBXSourcesBuildPhase;
			buildActionMask = 2147483647;
			files = (
				04B3F3A928D1EF99002AA316 /* LocalizationUITests.swift in Sources */,
				04B3F3AB28D1EF99002AA316 /* LocalizationUITestsLaunchTests.swift in Sources */,
			);
			runOnlyForDeploymentPostprocessing = 0;
		};
/* End PBXSourcesBuildPhase section */

/* Begin PBXTargetDependency section */
		04B3F39C28D1EF99002AA316 /* PBXTargetDependency */ = {
			isa = PBXTargetDependency;
			target = 04B3F38328D1EF96002AA316 /* Localization */;
			targetProxy = 04B3F39B28D1EF99002AA316 /* PBXContainerItemProxy */;
		};
		04B3F3A628D1EF99002AA316 /* PBXTargetDependency */ = {
			isa = PBXTargetDependency;
			target = 04B3F38328D1EF96002AA316 /* Localization */;
			targetProxy = 04B3F3A528D1EF99002AA316 /* PBXContainerItemProxy */;
		};
/* End PBXTargetDependency section */

/* Begin PBXVariantGroup section */
		04B3F38D28D1EF96002AA316 /* Main.storyboard */ = {
			isa = PBXVariantGroup;
			children = (
				04B3F38E28D1EF96002AA316 /* Base */,
				04B3F3BC28D1F092002AA316 /* fr */,
				04B3F3BF28D1F0C3002AA316 /* de */,
			);
			name = Main.storyboard;
			sourceTree = "<group>";
		};
		04B3F39228D1EF99002AA316 /* LaunchScreen.storyboard */ = {
			isa = PBXVariantGroup;
			children = (
				04B3F39328D1EF99002AA316 /* Base */,
				04B3F3BD28D1F092002AA316 /* fr */,
				04B3F3C028D1F0C3002AA316 /* de */,
			);
			name = LaunchScreen.storyboard;
			sourceTree = "<group>";
		};
		04B3F3BB28D1EFD8002AA316 /* Localizable.strings */ = {
			isa = PBXVariantGroup;
			children = (
				04B3F3BA28D1EFD8002AA316 /* en */,
				04B3F3BE28D1F092002AA316 /* fr */,
				04B3F3C128D1F0C3002AA316 /* de */,
			);
			name = Localizable.strings;
			sourceTree = "<group>";
		};
/* End PBXVariantGroup section */

/* Begin XCBuildConfiguration section */
		04B3F3AC28D1EF99002AA316 /* Debug */ = {
			isa = XCBuildConfiguration;
			buildSettings = {
				ALWAYS_SEARCH_USER_PATHS = NO;
				CLANG_ANALYZER_LOCALIZABILITY_NONLOCALIZED = YES;
				CLANG_ANALYZER_NONNULL = YES;
				CLANG_ANALYZER_NUMBER_OBJECT_CONVERSION = YES_AGGRESSIVE;
				CLANG_CXX_LANGUAGE_STANDARD = "gnu++17";
				CLANG_ENABLE_MODULES = YES;
				CLANG_ENABLE_OBJC_ARC = YES;
				CLANG_ENABLE_OBJC_WEAK = YES;
				CLANG_WARN_BLOCK_CAPTURE_AUTORELEASING = YES;
				CLANG_WARN_BOOL_CONVERSION = YES;
				CLANG_WARN_COMMA = YES;
				CLANG_WARN_CONSTANT_CONVERSION = YES;
				CLANG_WARN_DEPRECATED_OBJC_IMPLEMENTATIONS = YES;
				CLANG_WARN_DIRECT_OBJC_ISA_USAGE = YES_ERROR;
				CLANG_WARN_DOCUMENTATION_COMMENTS = YES;
				CLANG_WARN_EMPTY_BODY = YES;
				CLANG_WARN_ENUM_CONVERSION = YES;
				CLANG_WARN_INFINITE_RECURSION = YES;
				CLANG_WARN_INT_CONVERSION = YES;
				CLANG_WARN_NON_LITERAL_NULL_CONVERSION = YES;
				CLANG_WARN_OBJC_IMPLICIT_RETAIN_SELF = YES;
				CLANG_WARN_OBJC_LITERAL_CONVERSION = YES;
				CLANG_WARN_OBJC_ROOT_CLASS = YES_ERROR;
				CLANG_WARN_QUOTED_INCLUDE_IN_FRAMEWORK_HEADER = YES;
				CLANG_WARN_RANGE_LOOP_ANALYSIS = YES;
				CLANG_WARN_STRICT_PROTOTYPES = YES;
				CLANG_WARN_SUSPICIOUS_MOVE = YES;
				CLANG_WARN_UNGUARDED_AVAILABILITY = YES_AGGRESSIVE;
				CLANG_WARN_UNREACHABLE_CODE = YES;
				CLANG_WARN__DUPLICATE_METHOD_MATCH = YES;
				COPY_PHASE_STRIP = NO;
				DEBUG_INFORMATION_FORMAT = dwarf;
				ENABLE_STRICT_OBJC_MSGSEND = YES;
				ENABLE_TESTABILITY = YES;
				GCC_C_LANGUAGE_STANDARD = gnu11;
				GCC_DYNAMIC_NO_PIC = NO;
				GCC_NO_COMMON_BLOCKS = YES;
				GCC_OPTIMIZATION_LEVEL = 0;
				GCC_PREPROCESSOR_DEFINITIONS = (
					"DEBUG=1",
					"$(inherited)",
				);
				GCC_WARN_64_TO_32_BIT_CONVERSION = YES;
				GCC_WARN_ABOUT_RETURN_TYPE = YES_ERROR;
				GCC_WARN_UNDECLARED_SELECTOR = YES;
				GCC_WARN_UNINITIALIZED_AUTOS = YES_AGGRESSIVE;
				GCC_WARN_UNUSED_FUNCTION = YES;
				GCC_WARN_UNUSED_VARIABLE = YES;
				IPHONEOS_DEPLOYMENT_TARGET = 15.5;
				MTL_ENABLE_DEBUG_INFO = INCLUDE_SOURCE;
				MTL_FAST_MATH = YES;
				ONLY_ACTIVE_ARCH = YES;
				SDKROOT = iphoneos;
				SWIFT_ACTIVE_COMPILATION_CONDITIONS = DEBUG;
				SWIFT_OPTIMIZATION_LEVEL = "-Onone";
			};
			name = Debug;
		};
		04B3F3AD28D1EF99002AA316 /* Release */ = {
			isa = XCBuildConfiguration;
			buildSettings = {
				ALWAYS_SEARCH_USER_PATHS = NO;
				CLANG_ANALYZER_LOCALIZABILITY_NONLOCALIZED = YES;
				CLANG_ANALYZER_NONNULL = YES;
				CLANG_ANALYZER_NUMBER_OBJECT_CONVERSION = YES_AGGRESSIVE;
				CLANG_CXX_LANGUAGE_STANDARD = "gnu++17";
				CLANG_ENABLE_MODULES = YES;
				CLANG_ENABLE_OBJC_ARC = YES;
				CLANG_ENABLE_OBJC_WEAK = YES;
				CLANG_WARN_BLOCK_CAPTURE_AUTORELEASING = YES;
				CLANG_WARN_BOOL_CONVERSION = YES;
				CLANG_WARN_COMMA = YES;
				CLANG_WARN_CONSTANT_CONVERSION = YES;
				CLANG_WARN_DEPRECATED_OBJC_IMPLEMENTATIONS = YES;
				CLANG_WARN_DIRECT_OBJC_ISA_USAGE = YES_ERROR;
				CLANG_WARN_DOCUMENTATION_COMMENTS = YES;
				CLANG_WARN_EMPTY_BODY = YES;
				CLANG_WARN_ENUM_CONVERSION = YES;
				CLANG_WARN_INFINITE_RECURSION = YES;
				CLANG_WARN_INT_CONVERSION = YES;
				CLANG_WARN_NON_LITERAL_NULL_CONVERSION = YES;
				CLANG_WARN_OBJC_IMPLICIT_RETAIN_SELF = YES;
				CLANG_WARN_OBJC_LITERAL_CONVERSION = YES;
				CLANG_WARN_OBJC_ROOT_CLASS = YES_ERROR;
				CLANG_WARN_QUOTED_INCLUDE_IN_FRAMEWORK_HEADER = YES;
				CLANG_WARN_RANGE_LOOP_ANALYSIS = YES;
				CLANG_WARN_STRICT_PROTOTYPES = YES;
				CLANG_WARN_SUSPICIOUS_MOVE = YES;
				CLANG_WARN_UNGUARDED_AVAILABILITY = YES_AGGRESSIVE;
				CLANG_WARN_UNREACHABLE_CODE = YES;
				CLANG_WARN__DUPLICATE_METHOD_MATCH = YES;
				COPY_PHASE_STRIP = NO;
				DEBUG_INFORMATION_FORMAT = "dwarf-with-dsym";
				ENABLE_NS_ASSERTIONS = NO;
				ENABLE_STRICT_OBJC_MSGSEND = YES;
				GCC_C_LANGUAGE_STANDARD = gnu11;
				GCC_NO_COMMON_BLOCKS = YES;
				GCC_WARN_64_TO_32_BIT_CONVERSION = YES;
				GCC_WARN_ABOUT_RETURN_TYPE = YES_ERROR;
				GCC_WARN_UNDECLARED_SELECTOR = YES;
				GCC_WARN_UNINITIALIZED_AUTOS = YES_AGGRESSIVE;
				GCC_WARN_UNUSED_FUNCTION = YES;
				GCC_WARN_UNUSED_VARIABLE = YES;
				IPHONEOS_DEPLOYMENT_TARGET = 15.5;
				MTL_ENABLE_DEBUG_INFO = NO;
				MTL_FAST_MATH = YES;
				SDKROOT = iphoneos;
				SWIFT_COMPILATION_MODE = wholemodule;
				SWIFT_OPTIMIZATION_LEVEL = "-O";
				VALIDATE_PRODUCT = YES;
			};
			name = Release;
		};
		04B3F3AF28D1EF99002AA316 /* Debug */ = {
			isa = XCBuildConfiguration;
			buildSettings = {
				ASSETCATALOG_COMPILER_APPICON_NAME = AppIcon;
				ASSETCATALOG_COMPILER_GLOBAL_ACCENT_COLOR_NAME = AccentColor;
				CODE_SIGN_STYLE = Automatic;
				CURRENT_PROJECT_VERSION = 1;
				GENERATE_INFOPLIST_FILE = YES;
				INFOPLIST_FILE = Localization/Info.plist;
				INFOPLIST_KEY_UIApplicationSupportsIndirectInputEvents = YES;
				INFOPLIST_KEY_UILaunchStoryboardName = LaunchScreen;
				INFOPLIST_KEY_UIMainStoryboardFile = Main;
				INFOPLIST_KEY_UISupportedInterfaceOrientations_iPad = "UIInterfaceOrientationPortrait UIInterfaceOrientationPortraitUpsideDown UIInterfaceOrientationLandscapeLeft UIInterfaceOrientationLandscapeRight";
				INFOPLIST_KEY_UISupportedInterfaceOrientations_iPhone = "UIInterfaceOrientationPortrait UIInterfaceOrientationLandscapeLeft UIInterfaceOrientationLandscapeRight";
				LD_RUNPATH_SEARCH_PATHS = (
					"$(inherited)",
					"@executable_path/Frameworks",
				);
				MARKETING_VERSION = 1.0;
				PRODUCT_BUNDLE_IDENTIFIER = com.it.mac.Localization;
				PRODUCT_NAME = "$(TARGET_NAME)";
				SWIFT_EMIT_LOC_STRINGS = YES;
				SWIFT_VERSION = 5.0;
				TARGETED_DEVICE_FAMILY = "1,2";
			};
			name = Debug;
		};
		04B3F3B028D1EF99002AA316 /* Release */ = {
			isa = XCBuildConfiguration;
			buildSettings = {
				ASSETCATALOG_COMPILER_APPICON_NAME = AppIcon;
				ASSETCATALOG_COMPILER_GLOBAL_ACCENT_COLOR_NAME = AccentColor;
				CODE_SIGN_STYLE = Automatic;
				CURRENT_PROJECT_VERSION = 1;
				GENERATE_INFOPLIST_FILE = YES;
				INFOPLIST_FILE = Localization/Info.plist;
				INFOPLIST_KEY_UIApplicationSupportsIndirectInputEvents = YES;
				INFOPLIST_KEY_UILaunchStoryboardName = LaunchScreen;
				INFOPLIST_KEY_UIMainStoryboardFile = Main;
				INFOPLIST_KEY_UISupportedInterfaceOrientations_iPad = "UIInterfaceOrientationPortrait UIInterfaceOrientationPortraitUpsideDown UIInterfaceOrientationLandscapeLeft UIInterfaceOrientationLandscapeRight";
				INFOPLIST_KEY_UISupportedInterfaceOrientations_iPhone = "UIInterfaceOrientationPortrait UIInterfaceOrientationLandscapeLeft UIInterfaceOrientationLandscapeRight";
				LD_RUNPATH_SEARCH_PATHS = (
					"$(inherited)",
					"@executable_path/Frameworks",
				);
				MARKETING_VERSION = 1.0;
				PRODUCT_BUNDLE_IDENTIFIER = com.it.mac.Localization;
				PRODUCT_NAME = "$(TARGET_NAME)";
				SWIFT_EMIT_LOC_STRINGS = YES;
				SWIFT_VERSION = 5.0;
				TARGETED_DEVICE_FAMILY = "1,2";
			};
			name = Release;
		};
		04B3F3B228D1EF99002AA316 /* Debug */ = {
			isa = XCBuildConfiguration;
			buildSettings = {
				ALWAYS_EMBED_SWIFT_STANDARD_LIBRARIES = YES;
				BUNDLE_LOADER = "$(TEST_HOST)";
				CODE_SIGN_STYLE = Automatic;
				CURRENT_PROJECT_VERSION = 1;
				GENERATE_INFOPLIST_FILE = YES;
				IPHONEOS_DEPLOYMENT_TARGET = 15.5;
				MARKETING_VERSION = 1.0;
				PRODUCT_BUNDLE_IDENTIFIER = com.it.mac.LocalizationTests;
				PRODUCT_NAME = "$(TARGET_NAME)";
				SWIFT_EMIT_LOC_STRINGS = NO;
				SWIFT_VERSION = 5.0;
				TARGETED_DEVICE_FAMILY = "1,2";
				TEST_HOST = "$(BUILT_PRODUCTS_DIR)/Localization.app/Localization";
			};
			name = Debug;
		};
		04B3F3B328D1EF99002AA316 /* Release */ = {
			isa = XCBuildConfiguration;
			buildSettings = {
				ALWAYS_EMBED_SWIFT_STANDARD_LIBRARIES = YES;
				BUNDLE_LOADER = "$(TEST_HOST)";
				CODE_SIGN_STYLE = Automatic;
				CURRENT_PROJECT_VERSION = 1;
				GENERATE_INFOPLIST_FILE = YES;
				IPHONEOS_DEPLOYMENT_TARGET = 15.5;
				MARKETING_VERSION = 1.0;
				PRODUCT_BUNDLE_IDENTIFIER = com.it.mac.LocalizationTests;
				PRODUCT_NAME = "$(TARGET_NAME)";
				SWIFT_EMIT_LOC_STRINGS = NO;
				SWIFT_VERSION = 5.0;
				TARGETED_DEVICE_FAMILY = "1,2";
				TEST_HOST = "$(BUILT_PRODUCTS_DIR)/Localization.app/Localization";
			};
			name = Release;
		};
		04B3F3B528D1EF99002AA316 /* Debug */ = {
			isa = XCBuildConfiguration;
			buildSettings = {
				ALWAYS_EMBED_SWIFT_STANDARD_LIBRARIES = YES;
				CODE_SIGN_STYLE = Automatic;
				CURRENT_PROJECT_VERSION = 1;
				GENERATE_INFOPLIST_FILE = YES;
				MARKETING_VERSION = 1.0;
				PRODUCT_BUNDLE_IDENTIFIER = com.it.mac.LocalizationUITests;
				PRODUCT_NAME = "$(TARGET_NAME)";
				SWIFT_EMIT_LOC_STRINGS = NO;
				SWIFT_VERSION = 5.0;
				TARGETED_DEVICE_FAMILY = "1,2";
				TEST_TARGET_NAME = Localization;
			};
			name = Debug;
		};
		04B3F3B628D1EF99002AA316 /* Release */ = {
			isa = XCBuildConfiguration;
			buildSettings = {
				ALWAYS_EMBED_SWIFT_STANDARD_LIBRARIES = YES;
				CODE_SIGN_STYLE = Automatic;
				CURRENT_PROJECT_VERSION = 1;
				GENERATE_INFOPLIST_FILE = YES;
				MARKETING_VERSION = 1.0;
				PRODUCT_BUNDLE_IDENTIFIER = com.it.mac.LocalizationUITests;
				PRODUCT_NAME = "$(TARGET_NAME)";
				SWIFT_EMIT_LOC_STRINGS = NO;
				SWIFT_VERSION = 5.0;
				TARGETED_DEVICE_FAMILY = "1,2";
				TEST_TARGET_NAME = Localization;
			};
			name = Release;
		};
/* End XCBuildConfiguration section */

/* Begin XCConfigurationList section */
		04B3F37F28D1EF96002AA316 /* Build configuration list for PBXProject "Localization" */ = {
			isa = XCConfigurationList;
			buildConfigurations = (
				04B3F3AC28D1EF99002AA316 /* Debug */,
				04B3F3AD28D1EF99002AA316 /* Release */,
			);
			defaultConfigurationIsVisible = 0;
			defaultConfigurationName = Release;
		};
		04B3F3AE28D1EF99002AA316 /* Build configuration list for PBXNativeTarget "Localization" */ = {
			isa = XCConfigurationList;
			buildConfigurations = (
				04B3F3AF28D1EF99002AA316 /* Debug */,
				04B3F3B028D1EF99002AA316 /* Release */,
			);
			defaultConfigurationIsVisible = 0;
			defaultConfigurationName = Release;
		};
		04B3F3B128D1EF99002AA316 /* Build configuration list for PBXNativeTarget "LocalizationTests" */ = {
			isa = XCConfigurationList;
			buildConfigurations = (
				04B3F3B228D1EF99002AA316 /* Debug */,
				04B3F3B328D1EF99002AA316 /* Release */,
			);
			defaultConfigurationIsVisible = 0;
			defaultConfigurationName = Release;
		};
		04B3F3B428D1EF99002AA316 /* Build configuration list for PBXNativeTarget "LocalizationUITests" */ = {
			isa = XCConfigurationList;
			buildConfigurations = (
				04B3F3B528D1EF99002AA316 /* Debug */,
				04B3F3B628D1EF99002AA316 /* Release */,
			);
			defaultConfigurationIsVisible = 0;
			defaultConfigurationName = Release;
		};
/* End XCConfigurationList section */
	};
	rootObject = 04B3F37C28D1EF96002AA316 /* Project object */;
}
